
Microsoft Visual Studio Solution File, Format Version 12.00
# Visual Studio Version 17
VisualStudioVersion = 17.4.33205.214
MinimumVisualStudioVersion = 10.0.40219.1
Project("{FAE04EC0-301F-11D3-BF4B-00C04F79EFBC}") = "TestApp", "TestApp\TestApp.csproj", "{A1FCFC43-14E9-4347-82BB-58BCC1199595}"
EndProject
Project("{2150E333-8FDC-42A3-9474-1A3956D46DE8}") = "Solution Items", "Solution Items", "{B17E08A1-C758-413C-8CC3-63EB5B95A03F}"
	ProjectSection(SolutionItems) = preProject
		..\.github\workflows\dotnet-desktop.yml = ..\.github\workflows\dotnet-desktop.yml
	EndProjectSection
EndProject
Global
	GlobalSection(SolutionConfigurationPlatforms) = preSolution
		Debug|Any CPU = Debug|Any CPU
		Release|Any CPU = Release|Any CPU
	EndGlobalSection
	GlobalSection(ProjectConfigurationPlatforms) = postSolution
		{A1FCFC43-14E9-4347-82BB-58BCC1199595}.Debug|Any CPU.ActiveCfg = Debug|Any CPU
		{A1FCFC43-14E9-4347-82BB-58BCC1199595}.Debug|Any CPU.Build.0 = Debug|Any CPU
		{A1FCFC43-14E9-4347-82BB-58BCC1199595}.Release|Any CPU.ActiveCfg = Release|Any CPU
		{A1FCFC43-14E9-4347-82BB-58BCC1199595}.Release|Any CPU.Build.0 = Release|Any CPU
	EndGlobalSection
	GlobalSection(SolutionProperties) = preSolution
		HideSolutionNode = FALSE
	EndGlobalSection
	GlobalSection(ExtensibilityGlobals) = postSolution
		SolutionGuid = {57807276-0693-4A2D-9093-E3BB3A7CF021}
	EndGlobalSection
EndGlobal
